
Microsoft Visual Studio Solution File, Format Version 12.00
# Visual Studio Version 17
VisualStudioVersion = 17.5.2.0
MinimumVisualStudioVersion = 10.0.40219.1
Project("{9A19103F-16F7-4668-BE54-9A1E7A4F7556}") = "arnold", "cli\arnold.csproj", "{D52AE243-6C22-429C-A371-DA963AF24E5B}"
EndProject
Project("{FAE04EC0-301F-11D3-BF4B-00C04F79EFBC}") = "arnold-shared", "shared\arnold-shared.csproj", "{F9E40752-44F8-45FE-BC2C-C6310D50F7A7}"
EndProject
Project("{FAE04EC0-301F-11D3-BF4B-00C04F79EFBC}") = "arnold-api", "api\arnold-api.csproj", "{95E7BC31-E2E4-4D78-927B-B8FDC98A2BF8}"
EndProject
Project("{FAE04EC0-301F-11D3-BF4B-00C04F79EFBC}") = "arnold-routing", "shared-routing\arnold-routing.csproj", "{B9AD5812-527E-4C37-905B-9360CD36BFFC}"
EndProject
Project("{2150E333-8FDC-42A3-9474-1A3956D46DE8}") = "tests", "tests", "{0AB3BF05-4346-4AA6-1389-037BE0695223}"
EndProject
Project("{FAE04EC0-301F-11D3-BF4B-00C04F79EFBC}") = "arnold-tests", "tests\arnold-tests\arnold-tests.csproj", "{1E66A686-C3C2-4170-AE93-7748E1E39719}"
EndProject
Project("{2150E333-8FDC-42A3-9474-1A3956D46DE8}") = "shared", "shared", "{4F52FD11-658E-A102-6CD3-7D7C16FFA15B}"
EndProject
Global
	GlobalSection(SolutionConfigurationPlatforms) = preSolution
		Debug|Any CPU = Debug|Any CPU
		Debug|x64 = Debug|x64
		Debug|x86 = Debug|x86
		Release|Any CPU = Release|Any CPU
		Release|x64 = Release|x64
		Release|x86 = Release|x86
	EndGlobalSection
	GlobalSection(ProjectConfigurationPlatforms) = postSolution
		{D52AE243-6C22-429C-A371-DA963AF24E5B}.Debug|Any CPU.ActiveCfg = Debug|Any CPU
		{D52AE243-6C22-429C-A371-DA963AF24E5B}.Debug|Any CPU.Build.0 = Debug|Any CPU
		{D52AE243-6C22-429C-A371-DA963AF24E5B}.Debug|x64.ActiveCfg = Debug|Any CPU
		{D52AE243-6C22-429C-A371-DA963AF24E5B}.Debug|x64.Build.0 = Debug|Any CPU
		{D52AE243-6C22-429C-A371-DA963AF24E5B}.Debug|x86.ActiveCfg = Debug|Any CPU
		{D52AE243-6C22-429C-A371-DA963AF24E5B}.Debug|x86.Build.0 = Debug|Any CPU
		{D52AE243-6C22-429C-A371-DA963AF24E5B}.Release|Any CPU.ActiveCfg = Release|Any CPU
		{D52AE243-6C22-429C-A371-DA963AF24E5B}.Release|Any CPU.Build.0 = Release|Any CPU
		{D52AE243-6C22-429C-A371-DA963AF24E5B}.Release|x64.ActiveCfg = Release|Any CPU
		{D52AE243-6C22-429C-A371-DA963AF24E5B}.Release|x64.Build.0 = Release|Any CPU
		{D52AE243-6C22-429C-A371-DA963AF24E5B}.Release|x86.ActiveCfg = Release|Any CPU
		{D52AE243-6C22-429C-A371-DA963AF24E5B}.Release|x86.Build.0 = Release|Any CPU
		{F9E40752-44F8-45FE-BC2C-C6310D50F7A7}.Debug|Any CPU.ActiveCfg = Debug|Any CPU
		{F9E40752-44F8-45FE-BC2C-C6310D50F7A7}.Debug|Any CPU.Build.0 = Debug|Any CPU
		{F9E40752-44F8-45FE-BC2C-C6310D50F7A7}.Debug|x64.ActiveCfg = Debug|Any CPU
		{F9E40752-44F8-45FE-BC2C-C6310D50F7A7}.Debug|x64.Build.0 = Debug|Any CPU
		{F9E40752-44F8-45FE-BC2C-C6310D50F7A7}.Debug|x86.ActiveCfg = Debug|Any CPU
		{F9E40752-44F8-45FE-BC2C-C6310D50F7A7}.Debug|x86.Build.0 = Debug|Any CPU
		{F9E40752-44F8-45FE-BC2C-C6310D50F7A7}.Release|Any CPU.ActiveCfg = Release|Any CPU
		{F9E40752-44F8-45FE-BC2C-C6310D50F7A7}.Release|Any CPU.Build.0 = Release|Any CPU
		{F9E40752-44F8-45FE-BC2C-C6310D50F7A7}.Release|x64.ActiveCfg = Release|Any CPU
		{F9E40752-44F8-45FE-BC2C-C6310D50F7A7}.Release|x64.Build.0 = Release|Any CPU
		{F9E40752-44F8-45FE-BC2C-C6310D50F7A7}.Release|x86.ActiveCfg = Release|Any CPU
		{F9E40752-44F8-45FE-BC2C-C6310D50F7A7}.Release|x86.Build.0 = Release|Any CPU
		{95E7BC31-E2E4-4D78-927B-B8FDC98A2BF8}.Debug|Any CPU.ActiveCfg = Debug|Any CPU
		{95E7BC31-E2E4-4D78-927B-B8FDC98A2BF8}.Debug|Any CPU.Build.0 = Debug|Any CPU
		{95E7BC31-E2E4-4D78-927B-B8FDC98A2BF8}.Debug|x64.ActiveCfg = Debug|Any CPU
		{95E7BC31-E2E4-4D78-927B-B8FDC98A2BF8}.Debug|x64.Build.0 = Debug|Any CPU
		{95E7BC31-E2E4-4D78-927B-B8FDC98A2BF8}.Debug|x86.ActiveCfg = Debug|Any CPU
		{95E7BC31-E2E4-4D78-927B-B8FDC98A2BF8}.Debug|x86.Build.0 = Debug|Any CPU
		{95E7BC31-E2E4-4D78-927B-B8FDC98A2BF8}.Release|Any CPU.ActiveCfg = Release|Any CPU
		{95E7BC31-E2E4-4D78-927B-B8FDC98A2BF8}.Release|Any CPU.Build.0 = Release|Any CPU
		{95E7BC31-E2E4-4D78-927B-B8FDC98A2BF8}.Release|x64.ActiveCfg = Release|Any CPU
		{95E7BC31-E2E4-4D78-927B-B8FDC98A2BF8}.Release|x64.Build.0 = Release|Any CPU
		{95E7BC31-E2E4-4D78-927B-B8FDC98A2BF8}.Release|x86.ActiveCfg = Release|Any CPU
		{95E7BC31-E2E4-4D78-927B-B8FDC98A2BF8}.Release|x86.Build.0 = Release|Any CPU
		{B9AD5812-527E-4C37-905B-9360CD36BFFC}.Debug|Any CPU.ActiveCfg = Debug|Any CPU
		{B9AD5812-527E-4C37-905B-9360CD36BFFC}.Debug|Any CPU.Build.0 = Debug|Any CPU
		{B9AD5812-527E-4C37-905B-9360CD36BFFC}.Debug|x64.ActiveCfg = Debug|Any CPU
		{B9AD5812-527E-4C37-905B-9360CD36BFFC}.Debug|x64.Build.0 = Debug|Any CPU
		{B9AD5812-527E-4C37-905B-9360CD36BFFC}.Debug|x86.ActiveCfg = Debug|Any CPU
		{B9AD5812-527E-4C37-905B-9360CD36BFFC}.Debug|x86.Build.0 = Debug|Any CPU
		{B9AD5812-527E-4C37-905B-9360CD36BFFC}.Release|Any CPU.ActiveCfg = Release|Any CPU
		{B9AD5812-527E-4C37-905B-9360CD36BFFC}.Release|Any CPU.Build.0 = Release|Any CPU
		{B9AD5812-527E-4C37-905B-9360CD36BFFC}.Release|x64.ActiveCfg = Release|Any CPU
		{B9AD5812-527E-4C37-905B-9360CD36BFFC}.Release|x64.Build.0 = Release|Any CPU
		{B9AD5812-527E-4C37-905B-9360CD36BFFC}.Release|x86.ActiveCfg = Release|Any CPU
		{B9AD5812-527E-4C37-905B-9360CD36BFFC}.Release|x86.Build.0 = Release|Any CPU
		{1E66A686-C3C2-4170-AE93-7748E1E39719}.Debug|Any CPU.ActiveCfg = Debug|Any CPU
		{1E66A686-C3C2-4170-AE93-7748E1E39719}.Debug|Any CPU.Build.0 = Debug|Any CPU
		{1E66A686-C3C2-4170-AE93-7748E1E39719}.Debug|x64.ActiveCfg = Debug|Any CPU
		{1E66A686-C3C2-4170-AE93-7748E1E39719}.Debug|x64.Build.0 = Debug|Any CPU
		{1E66A686-C3C2-4170-AE93-7748E1E39719}.Debug|x86.ActiveCfg = Debug|Any CPU
		{1E66A686-C3C2-4170-AE93-7748E1E39719}.Debug|x86.Build.0 = Debug|Any CPU
		{1E66A686-C3C2-4170-AE93-7748E1E39719}.Release|Any CPU.ActiveCfg = Release|Any CPU
		{1E66A686-C3C2-4170-AE93-7748E1E39719}.Release|Any CPU.Build.0 = Release|Any CPU
		{1E66A686-C3C2-4170-AE93-7748E1E39719}.Release|x64.ActiveCfg = Release|Any CPU
		{1E66A686-C3C2-4170-AE93-7748E1E39719}.Release|x64.Build.0 = Release|Any CPU
		{1E66A686-C3C2-4170-AE93-7748E1E39719}.Release|x86.ActiveCfg = Release|Any CPU
		{1E66A686-C3C2-4170-AE93-7748E1E39719}.Release|x86.Build.0 = Release|Any CPU
	EndGlobalSection
	GlobalSection(SolutionProperties) = preSolution
		HideSolutionNode = FALSE
	EndGlobalSection
	GlobalSection(NestedProjects) = preSolution
		{1E66A686-C3C2-4170-AE93-7748E1E39719} = {0AB3BF05-4346-4AA6-1389-037BE0695223}
	EndGlobalSection
	GlobalSection(ExtensibilityGlobals) = postSolution
		SolutionGuid = {0ADCFAEF-06CF-488D-BC58-E0DB6010A265}
	EndGlobalSection
EndGlobal
