
Microsoft Visual Studio Solution File, Format Version 12.00
# Visual Studio Version 17
VisualStudioVersion = 17.5.002.0
MinimumVisualStudioVersion = 10.0.40219.1
Project("{9A19103F-16F7-4668-BE54-9A1E7A4F7556}") = "arnold-media-library", "cli/cli.csproj", "{D52AE243-6C22-429C-A371-DA963AF24E5B}"
EndProject
Global
	GlobalSection(SolutionConfigurationPlatforms) = preSolution
		Debug|Any CPU = Debug|Any CPU
		Release|Any CPU = Release|Any CPU
	EndGlobalSection
	GlobalSection(ProjectConfigurationPlatforms) = postSolution
		{D52AE243-6C22-429C-A371-DA963AF24E5B}.Debug|Any CPU.ActiveCfg = Debug|Any CPU
		{D52AE243-6C22-429C-A371-DA963AF24E5B}.Debug|Any CPU.Build.0 = Debug|Any CPU
		{D52AE243-6C22-429C-A371-DA963AF24E5B}.Release|Any CPU.ActiveCfg = Release|Any CPU
		{D52AE243-6C22-429C-A371-DA963AF24E5B}.Release|Any CPU.Build.0 = Release|Any CPU
	EndGlobalSection
	GlobalSection(SolutionProperties) = preSolution
		HideSolutionNode = FALSE
	EndGlobalSection
	GlobalSection(ExtensibilityGlobals) = postSolution
		SolutionGuid = {0ADCFAEF-06CF-488D-BC58-E0DB6010A265}
	EndGlobalSection
EndGlobal
